# Generated by ainfra. Do not edit by hand.
version: 1
generatedAt: "2026-07-10T06:52:24Z"
manifestHash: sha256:326c8700fa4026fd72a6c58d992c866f6956126b60948d837a1e49858e18de47
entries:
    mcpServers:
        docs:
            layer: repo
            fromTemplate: fs-scoped
            version: 0.6.2
            toolsetHash: sha256:595fdb103a7e55fa4152b41421a18f1438e123c935241484c82fdb2f46c069b0
            lockedTools:
                - name: create_directory
                  descriptionHash: sha256:ebfc114d16eab12f4b47f781ad07200dcec7d77057d6bcd2eab96ddfd4e281be
                  inputSchemaHash: sha256:7f32ef62bc91a330ef85a1e8cb16d428af91f0f2dc0e6554133b51b4955c7533
                - name: directory_tree
                  descriptionHash: sha256:39e498a6e3edba99e37683349ce2b5a2b71de913a8f2762af930da9fc1497745
                  inputSchemaHash: sha256:ef9796a5ec9d00d9ae65effd7e955214bb6850dbabf1710a0c248835384d5cbb
                - name: edit_file
                  descriptionHash: sha256:c5940dcf5ace3043afa3718ba0f166bfdb6be93cc2843d388809df1dc8b9e1f7
                  inputSchemaHash: sha256:7533b94d67504520f9f30bdd362c16f880172949d857d8a20f0fd5163e0f6a74
                - name: get_file_info
                  descriptionHash: sha256:6c4682266839f449fdf7fd67464536550a1e8ce73270e641d37fe47a2863b33c
                  inputSchemaHash: sha256:7f32ef62bc91a330ef85a1e8cb16d428af91f0f2dc0e6554133b51b4955c7533
                - name: list_allowed_directories
                  descriptionHash: sha256:88e6ac4a88bfbf8149934eb8bc86660c8a45f17aa161c50eb04b16af72be0d0d
                  inputSchemaHash: sha256:767a290a8be5b1c96082f41dcca10432d960e7c706eeb41c09eda50af6bf04cb
                - name: list_directory
                  descriptionHash: sha256:0d8a17e4e0809ce15b3219c3202ef7874efc4f91b4cac119d29af4a36b872937
                  inputSchemaHash: sha256:7f32ef62bc91a330ef85a1e8cb16d428af91f0f2dc0e6554133b51b4955c7533
                - name: list_directory_with_sizes
                  descriptionHash: sha256:e32beaadfdf744fcdbd054efb654748ebae69f29f283bcba33fd392853e2c883
                  inputSchemaHash: sha256:e30a1b6ee162b7282992b09331a30274ba34b6ccdf0eaafd0d309cfd0a37a88c
                - name: move_file
                  descriptionHash: sha256:ed86851661ccc4e1214776771bb815e7aef1866f604d80afe9d3e0da85032863
                  inputSchemaHash: sha256:5962b4bb93ec017a54ce14928953ef69684ca460181fbbc8a459d8ff8dd8b46d
                - name: read_file
                  descriptionHash: sha256:a2864e90927c1d4631d6493c7a6fe13a50c7d996de90961025f7033e8c6c3335
                  inputSchemaHash: sha256:e1b0b94f5b854100cf28048b1caf24ce5a360d945f75d183ef7c447f59154300
                - name: read_media_file
                  descriptionHash: sha256:2a5acb4ec2a244de7039ed29b3c212492f5352f4925beb66f268a2c3995a70c2
                  inputSchemaHash: sha256:7f32ef62bc91a330ef85a1e8cb16d428af91f0f2dc0e6554133b51b4955c7533
                - name: read_multiple_files
                  descriptionHash: sha256:0af41d3555fad09e711a3600797ffad55420e3a58b3b1db6286bad4e0a74ced7
                  inputSchemaHash: sha256:624f533f23798472466a2e3c92e47a064dda6e4dceffe9d502ad6649b4c6276c
                - name: read_text_file
                  descriptionHash: sha256:a7cd25e7cff3300d98ff37567d9eac32fd23a65660bc3926a346577621fedd51
                  inputSchemaHash: sha256:e1b0b94f5b854100cf28048b1caf24ce5a360d945f75d183ef7c447f59154300
                - name: search_files
                  descriptionHash: sha256:287d002188b0962036fb6be5d7087ec463e14e76809ef0b7dde878b7f47ac69e
                  inputSchemaHash: sha256:0deaa35bedd0be17d30e231eb98f90e39a78a1dc91fc058c63a327a4f33bfe08
                - name: write_file
                  descriptionHash: sha256:f26109c30283a0292f884b3cd58c2b972fd70b14e6c34687febb2d38e4184316
                  inputSchemaHash: sha256:6d5a863407f45886e246e8a0ab9b24cd96a87b7ba58bc2079588af3256e69050
            command: npx
            args:
                - -y
                - '@modelcontextprotocol/server-filesystem'
                - ./docs
            contentHash: sha256:3ab96f6be71c0a5da6ec72d5c32285753d803c3ca64ec593e04862f0de8cd093
        github:
            layer: repo
            version: 0.6.2
            toolsetHash: sha256:80e992e0ced78d321271ca92b26987f2f5a036225e115110a87937a502f17c91
            lockedTools:
                - name: add_issue_comment
                  descriptionHash: sha256:aa201a98a7cb73e0e1f7ad7c9ca7adfbf2c2ed2ca154a55c60cd04aaede5d309
                  inputSchemaHash: sha256:bce16c2c23fb81e972749f8cd825a8f4d01b7051fcfa5e1ee580930072604f13
                - name: create_branch
                  descriptionHash: sha256:8fb37f2d7655d28ae432562ed1a0cdbff57cbdbf4b9cde3e6208f43b9b0114cc
                  inputSchemaHash: sha256:8a0ac784d483aa02294f3b1e8cccb41fefcd99be6ae3e650b48947cb46060f56
                - name: create_issue
                  descriptionHash: sha256:37d290b4f8482947780532a3f12553ecdb7511ea807b863609035bb1a711de26
                  inputSchemaHash: sha256:6a44aa7b4b47f35491fae48ff1417d3b047cc0c753ce76a6857eef4e55cbfdbf
                - name: create_or_update_file
                  descriptionHash: sha256:957a7fd9d898a5f06f8ee28c0c2495f44c1a8d0c8467be9938dc65846a945f96
                  inputSchemaHash: sha256:65f46dadf0652348be0635139f0ad4d2ffa5f895aaa9df50db880b7c3629c5b5
                - name: create_pull_request
                  descriptionHash: sha256:40702dfc5831388f70771881d9e8f5f9ecb479c284f31e07f5eefe63fecef1c3
                  inputSchemaHash: sha256:1ff8a8afcea3b9bda03d1276eff96041c886fb9f321678bca27f7124dc05ab88
                - name: create_pull_request_review
                  descriptionHash: sha256:9b894e542a8e62c27cdc25b1ca70471da25c07976f378807000514ec073c8d97
                  inputSchemaHash: sha256:86025a860c23a5fdcf0b5bd210d4fd17e3095b282520dfeeab0cc36217ab76bf
                - name: create_repository
                  descriptionHash: sha256:84f19df89ee9e79026608530d04a67d38d2231c606fc59995608aa23945187bc
                  inputSchemaHash: sha256:f6d2f3da67d740b818907599f2fb6af9e393b8262df318542e2bbf0ac80394fd
                - name: fork_repository
                  descriptionHash: sha256:9762de4680d6ab8616f163e8880aa81716714cff50d37de0e3d0fc7b4b1d29f3
                  inputSchemaHash: sha256:4ef06350b2d5784b6fe47a9683049f291b8265ad273f0a328166302336f0e67c
                - name: get_file_contents
                  descriptionHash: sha256:d5863ce3e85954f8ab9124a619ae6b514f68472d32c3887a7240eb936286addd
                  inputSchemaHash: sha256:0eea0f1797820f2e05dc07a22f5b862ab16dd9d9bb2dc6f750472f65b0db9246
                - name: get_issue
                  descriptionHash: sha256:a2b2d4cf479e1014c2552e4f1aeddaacb3bb7140bc7a43d8da4ec16d1fae878c
                  inputSchemaHash: sha256:631b4298e4bfc00f25f85e767b5b6a9979a702d619875f053acbb6d5af10d4b0
                - name: get_pull_request
                  descriptionHash: sha256:085c7145e426012eeaf969b833a15e52ff840e2ed44a7c98eddcb376138efd1e
                  inputSchemaHash: sha256:5ada2997bbb6046cbc8cd5dde5cdcdd339f95231ef1b8b3b533ac4b2ba58145d
                - name: get_pull_request_comments
                  descriptionHash: sha256:902044dd8e37073640e3cc63196b2b0033330bc6c8cce6dab4c08e450a6b74ca
                  inputSchemaHash: sha256:5ada2997bbb6046cbc8cd5dde5cdcdd339f95231ef1b8b3b533ac4b2ba58145d
                - name: get_pull_request_files
                  descriptionHash: sha256:352050812e4c488031ac041cbcefb99a1432518a707648608d518f6ee83deedd
                  inputSchemaHash: sha256:5ada2997bbb6046cbc8cd5dde5cdcdd339f95231ef1b8b3b533ac4b2ba58145d
                - name: get_pull_request_reviews
                  descriptionHash: sha256:16271ff42bccbbbe575ef11c588297e53c6311527d0be4237938d47e1a02f2e0
                  inputSchemaHash: sha256:5ada2997bbb6046cbc8cd5dde5cdcdd339f95231ef1b8b3b533ac4b2ba58145d
                - name: get_pull_request_status
                  descriptionHash: sha256:9c1c0a914fb44b2056fbdca6e3058924a90826672212007410c3d1ff11a1c68c
                  inputSchemaHash: sha256:5ada2997bbb6046cbc8cd5dde5cdcdd339f95231ef1b8b3b533ac4b2ba58145d
                - name: list_commits
                  descriptionHash: sha256:92dd0c6240d8c063e3a4950559b6242740ba929a92a8d7eaf2e2b22af1bcc898
                  inputSchemaHash: sha256:a2a558100ce7a9b6c1b8e9de6086d9624a9323d4a7e92fc682a2e093c71dc369
                - name: list_issues
                  descriptionHash: sha256:287f3bac367a17ba00d0bf2c3e7ed5b5f42232ba530d906bf935e3124f992c72
                  inputSchemaHash: sha256:02f5821021a36df5656ddb89d4cff3290f150a5b71ea4b4ecacf529e5611dec7
                - name: list_pull_requests
                  descriptionHash: sha256:c891ae1b5e8759cfa73a1b3d69ca9defee25271225b55647d7e3d1694057c747
                  inputSchemaHash: sha256:853a323f8f6f463c6f90ee3a357fbe6730087b40740d3dc3af2f0b30c345cc7f
                - name: merge_pull_request
                  descriptionHash: sha256:331324debe342d73286d6b50cd571fd6cabfc3861a13a99a267918395b845f9a
                  inputSchemaHash: sha256:0dc48c68ae9151fa299360e0efcb222c4af4c670a1bd27a0a6dfb72fc6f0ad2f
                - name: push_files
                  descriptionHash: sha256:1025f07d7e75209a003e6306179ed04f2eeedd2636c04a5b30fbc90dab030253
                  inputSchemaHash: sha256:2fcc109c9000aa0065ada71828f7f1ec65231fb7b25e70ce1aa5041b4e878c86
                - name: search_code
                  descriptionHash: sha256:0d1e75931a67040a181387e92e15c5d3d0b1ec51acfa39e2c9fd8cdaaf810695
                  inputSchemaHash: sha256:d80def6ce611fad955bb458907f9d17763bd2f2e9c6f9961bcb7f79697df5b38
                - name: search_issues
                  descriptionHash: sha256:7198a7a7dd719dc5d6b388d279fc1faba57db65e1deb79552e6bd0208a6c04e4
                  inputSchemaHash: sha256:89a4e64e5755d075d6c761f1d6b20083af5fc0103ee72c72788d9ce49e4dbb3d
                - name: search_repositories
                  descriptionHash: sha256:76c135985f455e63b3b57ae7bba61b260d1d9ec67876b18bf075993634e4bef6
                  inputSchemaHash: sha256:2c9fa5b1ededc8709a231aab13f55c54fb29a222bcabae693571049577de2c3c
                - name: search_users
                  descriptionHash: sha256:d8d8490578967c68b369baa60470633d057361ec3e9803fad800f55d9f321f09
                  inputSchemaHash: sha256:e34dcc331b08262411cca04beb0697e79a334e1e16ad9d94207b857f886f05d0
                - name: update_issue
                  descriptionHash: sha256:bff57f45a65ee1e81caa7cf7668040b76947b650fb4671dde8d69fd921fe870c
                  inputSchemaHash: sha256:e0b0acf4136e6d76ce2d3e7ecbf3aacd7822670b383fd4292cf2268ab7425e29
                - name: update_pull_request_branch
                  descriptionHash: sha256:a2c1ebd2595f15e11de1a09c02506a2644973f49c6eaca3fe701d31d2cc89cd1
                  inputSchemaHash: sha256:8e4ebdb85cb9fa2276e42e1512ab64358321291a6c238ea8680d6ad14d1ddba0
            command: npx
            args:
                - -y
                - '@modelcontextprotocol/server-github'
            contentHash: sha256:117849a7ebbeb406f6d66bd33faf9ea4b51182d5fc792866fb952ce6cb9ee4c8
        repo:
            layer: repo
            fromTemplate: fs-scoped
            version: 0.6.2
            toolsetHash: sha256:595fdb103a7e55fa4152b41421a18f1438e123c935241484c82fdb2f46c069b0
            lockedTools:
                - name: create_directory
                  descriptionHash: sha256:ebfc114d16eab12f4b47f781ad07200dcec7d77057d6bcd2eab96ddfd4e281be
                  inputSchemaHash: sha256:7f32ef62bc91a330ef85a1e8cb16d428af91f0f2dc0e6554133b51b4955c7533
                - name: directory_tree
                  descriptionHash: sha256:39e498a6e3edba99e37683349ce2b5a2b71de913a8f2762af930da9fc1497745
                  inputSchemaHash: sha256:ef9796a5ec9d00d9ae65effd7e955214bb6850dbabf1710a0c248835384d5cbb
                - name: edit_file
                  descriptionHash: sha256:c5940dcf5ace3043afa3718ba0f166bfdb6be93cc2843d388809df1dc8b9e1f7
                  inputSchemaHash: sha256:7533b94d67504520f9f30bdd362c16f880172949d857d8a20f0fd5163e0f6a74
                - name: get_file_info
                  descriptionHash: sha256:6c4682266839f449fdf7fd67464536550a1e8ce73270e641d37fe47a2863b33c
                  inputSchemaHash: sha256:7f32ef62bc91a330ef85a1e8cb16d428af91f0f2dc0e6554133b51b4955c7533
                - name: list_allowed_directories
                  descriptionHash: sha256:88e6ac4a88bfbf8149934eb8bc86660c8a45f17aa161c50eb04b16af72be0d0d
                  inputSchemaHash: sha256:767a290a8be5b1c96082f41dcca10432d960e7c706eeb41c09eda50af6bf04cb
                - name: list_directory
                  descriptionHash: sha256:0d8a17e4e0809ce15b3219c3202ef7874efc4f91b4cac119d29af4a36b872937
                  inputSchemaHash: sha256:7f32ef62bc91a330ef85a1e8cb16d428af91f0f2dc0e6554133b51b4955c7533
                - name: list_directory_with_sizes
                  descriptionHash: sha256:e32beaadfdf744fcdbd054efb654748ebae69f29f283bcba33fd392853e2c883
                  inputSchemaHash: sha256:e30a1b6ee162b7282992b09331a30274ba34b6ccdf0eaafd0d309cfd0a37a88c
                - name: move_file
                  descriptionHash: sha256:ed86851661ccc4e1214776771bb815e7aef1866f604d80afe9d3e0da85032863
                  inputSchemaHash: sha256:5962b4bb93ec017a54ce14928953ef69684ca460181fbbc8a459d8ff8dd8b46d
                - name: read_file
                  descriptionHash: sha256:a2864e90927c1d4631d6493c7a6fe13a50c7d996de90961025f7033e8c6c3335
                  inputSchemaHash: sha256:e1b0b94f5b854100cf28048b1caf24ce5a360d945f75d183ef7c447f59154300
                - name: read_media_file
                  descriptionHash: sha256:2a5acb4ec2a244de7039ed29b3c212492f5352f4925beb66f268a2c3995a70c2
                  inputSchemaHash: sha256:7f32ef62bc91a330ef85a1e8cb16d428af91f0f2dc0e6554133b51b4955c7533
                - name: read_multiple_files
                  descriptionHash: sha256:0af41d3555fad09e711a3600797ffad55420e3a58b3b1db6286bad4e0a74ced7
                  inputSchemaHash: sha256:624f533f23798472466a2e3c92e47a064dda6e4dceffe9d502ad6649b4c6276c
                - name: read_text_file
                  descriptionHash: sha256:a7cd25e7cff3300d98ff37567d9eac32fd23a65660bc3926a346577621fedd51
                  inputSchemaHash: sha256:e1b0b94f5b854100cf28048b1caf24ce5a360d945f75d183ef7c447f59154300
                - name: search_files
                  descriptionHash: sha256:287d002188b0962036fb6be5d7087ec463e14e76809ef0b7dde878b7f47ac69e
                  inputSchemaHash: sha256:0deaa35bedd0be17d30e231eb98f90e39a78a1dc91fc058c63a327a4f33bfe08
                - name: write_file
                  descriptionHash: sha256:f26109c30283a0292f884b3cd58c2b972fd70b14e6c34687febb2d38e4184316
                  inputSchemaHash: sha256:6d5a863407f45886e246e8a0ab9b24cd96a87b7ba58bc2079588af3256e69050
            command: npx
            args:
                - -y
                - '@modelcontextprotocol/server-filesystem'
                - .
            contentHash: sha256:90af8ba8884e37c46376c85410c0d4011902394e05e60b067795573b5cb816e9
        slack:
            layer: repo
            contentHash: sha256:8ef03d31118383de731dd407e7a79cb41db88cd3c77271e832d44a58e74687a5
    backgroundServices: {}
    hooks:
        gofmt-after-edit:
            layer: repo
            contentHash: sha256:92c9b9244a8b3af62d32f49a57653fe08e13f3c4553843c1e69fba71334d1e6e
    commands: {}
    cliTools:
        ripgrep:
            layer: repo
            constraint: '>=14.0'
            contentHash: sha256:2872259f5d69e3d9d31c66c7bb73a6d64621daca771f1200825dd272b2a7ef08
        slack-mcp-server:
            layer: repo
            constraint: '>=1.3.0'
            contentHash: sha256:1b53ce8dbdd6f2dcde3f93aa38b759b60db250b0679ed829502282ad87f7eee5
    skills:
        incident-response:
            layer: repo
            version: 2.3.0
            contentHash: sha256:573fc010b09a34bf77145abca5e7ef1d8eab39caa00bb4614f3fc6384a8e5dde
        pdf-processing:
            layer: repo
            version: 1.4.0
            contentHash: sha256:20eec56a7cbc5a5a133fb2e1aec72b659077910c3649cf7bb5e5dff55e42581d
        using-ainfra:
            layer: repo
            version: 0.1.0
            contentHash: sha256:dbd91424253dfa5f86f03e813143821283f08d19b6b182038e327c12175fc44a
    plugins: {}
    rules: {}
    tools: {}
secrets:
    AINFRA_SECRET_MCPSERVERS_GITHUB_TOKEN:
        var: AINFRA_SECRET_MCPSERVERS_GITHUB_TOKEN
        ref: op://Private/github/personal-access-token
        scheme: op
        scope: personal
        layer: repo
