# Generated by ainfra. Do not edit by hand.
version: 1
generatedAt: "2026-05-21T10:56:29Z"
entries:
    mcpServers:
        analytics-db:
            layer: repo
            fromTemplate: mysql-over-ssh-tunnel
            resolved:
                launcher: <resolved:analytics-db.launcher>
                tunnelPort: 13306
            version: 0.6.2
            contentHash: sha256:c2f85193032a99531d4fd8cf74459358d38e0ebe3e74b7a878608d247233e38c
        billing-db:
            layer: repo
            fromTemplate: mysql-over-ssh-tunnel
            resolved:
                launcher: <resolved:billing-db.launcher>
                tunnelPort: 13307
            version: 0.6.2
            contentHash: sha256:29228da5a1aa2d13ae4c7b0f659179c7141a18713dcde9959d7c0fd0d017e130
        catalog-db:
            layer: repo
            fromTemplate: mysql-over-ssh-tunnel
            resolved:
                launcher: <resolved:catalog-db.launcher>
                tunnelPort: 13308
            version: 0.6.2
            contentHash: sha256:4a65efaa75adfb4e4107e6e768c5e4472cff283fffc3f1d96ab147105a6859f9
        reporting-db:
            layer: repo
            fromTemplate: mysql-over-ssh-tunnel
            resolved:
                launcher: <resolved:reporting-db.launcher>
                tunnelPort: 13309
            version: 0.6.2
            contentHash: sha256:bec3428a17d3036f9cf8aad078bb84a1abf92d58c105144d31ad18b9b58fb72d
    backgroundServices:
        analytics-db-tunnel:
            layer: repo
            resolved:
                launcher: <resolved:analytics-db.launcher>
                tunnelPort: 13306
            contentHash: sha256:0f835eed575fa57bba72f4e89a1fd401041f98ad3b023f2849d8187d51259bfd
        billing-db-tunnel:
            layer: repo
            resolved:
                launcher: <resolved:billing-db.launcher>
                tunnelPort: 13307
            contentHash: sha256:ad3e2b51c063298073b0242acca004a0f2a3596e95bbfbaa2049cd8fae279adb
        catalog-db-tunnel:
            layer: repo
            resolved:
                launcher: <resolved:catalog-db.launcher>
                tunnelPort: 13308
            contentHash: sha256:bd41a7fd3fe3f1060105d2c87933eab11e17b512b8569beb1d88a5f8f0d91ceb
        reporting-db-tunnel:
            layer: repo
            resolved:
                launcher: <resolved:reporting-db.launcher>
                tunnelPort: 13309
            contentHash: sha256:47fb9bb0c4fc2f8f6282eb47415a7dfe52403dff00a177fcfa5848cede03327e
    hooks:
        guard-destructive-sql:
            layer: repo
            contentHash: sha256:c60fbd7b3bce5e1f662f523eb69eeb22f89fbb0e8a76265a136c278ffa2d10ae
    commands:
        db-console:
            layer: repo
            contentHash: sha256:fd03e89cca4fc8329ddc4406509f0f4faf5d75178b5986830f5c8a32a951ec5e
    cliTools: {}
