# Generated by ainfra. Do not edit by hand.
version: 1
generatedAt: "2026-05-21T12:48:55Z"
manifestHash: sha256:3b1a7778639dc40cb46d8892005979fb4044d845134cbbf10244ef4e0c83d9a0
entries:
    mcpServers:
        my-dev-replica:
            layer: personal
            fromTemplate: mysql-over-ssh-tunnel
            resolved:
                launcher: <resolved:my-dev-replica.launcher>
                tunnelPort: 13310
            version: 0.6.2
            requires:
                - svc:my-dev-replica-tunnel
            contentHash: sha256:632c058e717d8352e76eb7dde3d18098777aad1706273ad0b49f3014ac2310d3
    backgroundServices:
        my-dev-replica-tunnel:
            layer: personal
            resolved:
                launcher: <resolved:my-dev-replica.launcher>
                tunnelPort: 13310
            requires:
                - cli:ssh
                - cli:mysql-client
                - pre:vpn-tvt-internal
            contentHash: sha256:b96cadfb933217271125bd3aa070186ec14e6ab52a8d2fae12519c889819cde4
    hooks: {}
    commands: {}
    cliTools: {}
    skills: {}
    plugins: {}
    rules: {}
    tools: {}
