# Generated by ainfra. Do not edit by hand.
version: 1
generatedAt: "2026-05-21T15:33:26Z"
manifestHash: sha256:c974800883724d9ca25d51c3c345387f39ebe7d52957c2aea2953f2ad7d53efa
entries:
    mcpServers:
        my-dev-replica:
            layer: personal
            fromTemplate: mysql-over-ssh-tunnel
            resolved:
                launcher: <resolved:my-dev-replica.launcher>
                tunnelPort: 13310
            version: 0.6.2
            requires:
                - svc:my-dev-replica-tunnel
            contentHash: sha256:1ee5818a2e9b3867b82afb6b2901f336c5a9b3fd729cdcf24fdac3e01eecc147
    backgroundServices:
        my-dev-replica-tunnel:
            layer: personal
            resolved:
                launcher: <resolved:my-dev-replica.launcher>
                tunnelPort: 13310
            requires:
                - cli:ssh
                - cli:mysql-client
                - pre:vpn-tvt-internal
            contentHash: sha256:b96cadfb933217271125bd3aa070186ec14e6ab52a8d2fae12519c889819cde4
    hooks: {}
    commands: {}
    cliTools: {}
    skills: {}
    plugins: {}
    rules: {}
    tools: {}
