# Generated by ainfra. Do not edit by hand.
version: 1
generatedAt: "2026-05-21T15:33:26Z"
manifestHash: sha256:41566eb169cd33f657710ec4e3956bfb20fbc77691a28326ed894f5b808aa5e2
entries:
    mcpServers:
        analytics-db:
            layer: repo
            fromTemplate: mysql-over-ssh-tunnel
            resolved:
                launcher: <resolved:analytics-db.launcher>
                tunnelPort: 13306
            version: 0.6.2
            requires:
                - svc:analytics-db-tunnel
            contentHash: sha256:880f1fd454863ed1eb8e8763c120d2b5237f0dbbfe98ecc0dd57624601416921
        billing-db:
            layer: repo
            fromTemplate: mysql-over-ssh-tunnel
            resolved:
                launcher: <resolved:billing-db.launcher>
                tunnelPort: 13307
            version: 0.6.2
            requires:
                - svc:billing-db-tunnel
            contentHash: sha256:a3da1977e53a0e7924f60c89e0b9981c1a895d2e1237db9a4a18918714886f10
        catalog-db:
            layer: repo
            fromTemplate: mysql-over-ssh-tunnel
            resolved:
                launcher: <resolved:catalog-db.launcher>
                tunnelPort: 13308
            version: 0.6.2
            requires:
                - svc:catalog-db-tunnel
            contentHash: sha256:f3a0f86102036a60d0b21e66335afeaff48646c8e96fde2d151f4659364f5af6
        linear:
            layer: repo
            contentHash: sha256:bc59b598bc8473e418b1cbe36bda6ba7a9e37006be3fdea973fba08701ca3f42
        reporting-db:
            layer: repo
            fromTemplate: mysql-over-ssh-tunnel
            resolved:
                launcher: <resolved:reporting-db.launcher>
                tunnelPort: 13309
            version: 0.6.2
            requires:
                - svc:reporting-db-tunnel
            contentHash: sha256:3480e9ccf48476ba0d17c8547cf0bb37779262c74f122e933738003aa32c50af
    backgroundServices:
        analytics-db-tunnel:
            layer: repo
            resolved:
                launcher: <resolved:analytics-db.launcher>
                tunnelPort: 13306
            requires:
                - cli:ssh
                - cli:mysql-client
                - pre:vpn-tvt-internal
            contentHash: sha256:0f835eed575fa57bba72f4e89a1fd401041f98ad3b023f2849d8187d51259bfd
        billing-db-tunnel:
            layer: repo
            resolved:
                launcher: <resolved:billing-db.launcher>
                tunnelPort: 13307
            requires:
                - cli:ssh
                - cli:mysql-client
                - pre:vpn-tvt-internal
            contentHash: sha256:ad3e2b51c063298073b0242acca004a0f2a3596e95bbfbaa2049cd8fae279adb
        catalog-db-tunnel:
            layer: repo
            resolved:
                launcher: <resolved:catalog-db.launcher>
                tunnelPort: 13308
            requires:
                - cli:ssh
                - cli:mysql-client
                - pre:vpn-tvt-internal
            contentHash: sha256:bd41a7fd3fe3f1060105d2c87933eab11e17b512b8569beb1d88a5f8f0d91ceb
        reporting-db-tunnel:
            layer: repo
            resolved:
                launcher: <resolved:reporting-db.launcher>
                tunnelPort: 13309
            requires:
                - cli:ssh
                - cli:mysql-client
                - pre:vpn-tvt-internal
            contentHash: sha256:47fb9bb0c4fc2f8f6282eb47415a7dfe52403dff00a177fcfa5848cede03327e
    hooks:
        guard-destructive-sql:
            layer: repo
            requires:
                - cli:node
            contentHash: sha256:c60fbd7b3bce5e1f662f523eb69eeb22f89fbb0e8a76265a136c278ffa2d10ae
    commands:
        db-console:
            layer: repo
            contentHash: sha256:fd03e89cca4fc8329ddc4406509f0f4faf5d75178b5986830f5c8a32a951ec5e
    cliTools:
        mysql-client:
            layer: repo
            constraint: '>=8.0'
            contentHash: sha256:a1656a768ebeb49f5ab025ea72f277d99a7af859bd62b669b104393e207083b3
        node:
            layer: repo
            constraint: '>=20'
            contentHash: sha256:a511a94dcf863ff0af2d47339b4fd1aac06cd6c661a40f0b41e7d898ac10f0dc
        ssh:
            layer: repo
            constraint: '>=8.0'
            contentHash: sha256:24b07f4725003b50102270a4c67a16eb500760aa1a502cdd6a7fde97537b020b
    skills: {}
    plugins: {}
    rules: {}
    tools: {}
