# Generated by ainfra. Do not edit by hand.
version: 1
generatedAt: "2026-07-16T08:13:56Z"
manifestHash: sha256:b565a51cca459f525243da882428ec6841c7431a8a8a6fd0f51cffac985edbae
entries:
    mcpServers:
        my-dev-replica:
            layer: personal
            fromTemplate: mysql-over-ssh-tunnel
            resolved:
                launcher: <resolved:my-dev-replica.launcher>
                tunnelPort: 13310
            version: 0.6.2
            requires:
                - svc:my-dev-replica-tunnel
            contentHash: sha256:fdd36d8e42e018f014b3c46febed1d379fcfbdeeda892d9a729327c8b0c9b164
    backgroundServices:
        my-dev-replica-tunnel:
            layer: personal
            resolved:
                launcher: <resolved:my-dev-replica.launcher>
                tunnelPort: 13310
            requires:
                - cli:ssh
                - cli:mysql-client
                - pre:vpn-tvt-internal
            contentHash: sha256:b96cadfb933217271125bd3aa070186ec14e6ab52a8d2fae12519c889819cde4
    hooks:
        pretooluse-bash-172d96a1:
            layer: personal
            contentHash: sha256:7a22949b6ddc4256e53d402ebfa9dc49c6a3bf3f41726d403cc936ebd3a9fbbb
    commands:
        merge:
            layer: personal
            contentHash: sha256:83b4aabff32f27bafcd1471ab883a6417c91c0ae4b961c79e74912076d3d23c1
        pr:
            layer: personal
            contentHash: sha256:8c7550f43a01234b2ea440a2dd74af21ae7484554c62fda03ca4e73241f45c33
    cliTools: {}
    skills:
        video-edit:
            layer: personal
            contentHash: sha256:3b0f705d26fcd9ce996a9363b22e0d3d9cdce99e92503be841fb000a1295cfcd
    plugins: {}
    rules: {}
    tools: {}
secrets:
    AINFRA_SECRET_MCPSERVERS_MY_DEV_REPLICA_DBPASSWORD:
        var: AINFRA_SECRET_MCPSERVERS_MY_DEV_REPLICA_DBPASSWORD
        ref: op://Private/dev-replica/password
        scheme: op
        scope: personal
        layer: personal
    AINFRA_SECRET_MCPSERVERS_MY_DEV_REPLICA_SSHKEY:
        var: AINFRA_SECRET_MCPSERVERS_MY_DEV_REPLICA_SSHKEY
        ref: op://Engineering/bastion/ssh-private-key
        scheme: op
        scope: shared
        layer: personal
