version: 1
generatedAt: 2026-05-21T09:30:00Z
manifestHash: sha256:0e1d2c3b4a5968778695a4b3c2d1e0f9a8b7c6d5e4f3a2b1c0d9e8f7a6b5c4d3

# Generated by `aistack lock`. Do not edit by hand. Committed to the repo.
#
# Note the four tunnelPort values: allocated once by the tool, distinct by
# construction, and reused on every `apply` — so every developer's tunnels
# land on the same ports. No human typed a port anywhere.

entries:
  mcpServers:
    analytics-db:
      layer: repo
      fromTemplate: mysql-over-ssh-tunnel
      resolved:
        tunnelPort: 13306
        launcher: .aistack/run/analytics-db-tunnel.sh
      version: "0.6.2"
      integrity: sha256:5e4d3c2b1a09f8e7d6c5b4a39281706f5e4d3c2b1a09f8e7d6c5b4a392817060
      toolsetHash: sha256:c2b1a09f8e7d6c5b4a39281706f5e4d3c2b1a09f8e7d6c5b4a3928170605e4d3
      contentHash: sha256:a1b2c3d4e5f60718293a4b5c6d7e8f90a1b2c3d4e5f60718293a4b5c6d7e8f90
    billing-db:
      layer: repo
      fromTemplate: mysql-over-ssh-tunnel
      resolved:
        tunnelPort: 13307
        launcher: .aistack/run/billing-db-tunnel.sh
      version: "0.6.2"
      integrity: sha256:5e4d3c2b1a09f8e7d6c5b4a39281706f5e4d3c2b1a09f8e7d6c5b4a392817060
      toolsetHash: sha256:c2b1a09f8e7d6c5b4a39281706f5e4d3c2b1a09f8e7d6c5b4a3928170605e4d3
      contentHash: sha256:b2c3d4e5f60718293a4b5c6d7e8f90a1b2c3d4e5f60718293a4b5c6d7e8f90a1
    catalog-db:
      layer: repo
      fromTemplate: mysql-over-ssh-tunnel
      resolved:
        tunnelPort: 13308
        launcher: .aistack/run/catalog-db-tunnel.sh
      version: "0.6.2"
      integrity: sha256:5e4d3c2b1a09f8e7d6c5b4a39281706f5e4d3c2b1a09f8e7d6c5b4a392817060
      toolsetHash: sha256:c2b1a09f8e7d6c5b4a39281706f5e4d3c2b1a09f8e7d6c5b4a3928170605e4d3
      contentHash: sha256:c3d4e5f60718293a4b5c6d7e8f90a1b2c3d4e5f60718293a4b5c6d7e8f90a1b2
    reporting-db:
      layer: repo
      fromTemplate: mysql-over-ssh-tunnel
      resolved:
        tunnelPort: 13309
        launcher: .aistack/run/reporting-db-tunnel.sh
      version: "0.6.2"
      integrity: sha256:5e4d3c2b1a09f8e7d6c5b4a39281706f5e4d3c2b1a09f8e7d6c5b4a392817060
      toolsetHash: sha256:c2b1a09f8e7d6c5b4a39281706f5e4d3c2b1a09f8e7d6c5b4a3928170605e4d3
      contentHash: sha256:d4e5f60718293a4b5c6d7e8f90a1b2c3d4e5f60718293a4b5c6d7e8f90a1b2c3

  backgroundServices:
    analytics-db-tunnel:
      layer: repo
      resolved:
        localPort: 13306
        launcher: .aistack/run/analytics-db-tunnel.sh
      contentHash: sha256:e5f60718293a4b5c6d7e8f90a1b2c3d4e5f60718293a4b5c6d7e8f90a1b2c3d4
    billing-db-tunnel:
      layer: repo
      resolved:
        localPort: 13307
        launcher: .aistack/run/billing-db-tunnel.sh
      contentHash: sha256:f60718293a4b5c6d7e8f90a1b2c3d4e5f60718293a4b5c6d7e8f90a1b2c3d4e5
    catalog-db-tunnel:
      layer: repo
      resolved:
        localPort: 13308
        launcher: .aistack/run/catalog-db-tunnel.sh
      contentHash: sha256:0718293a4b5c6d7e8f90a1b2c3d4e5f60718293a4b5c6d7e8f90a1b2c3d4e5f6
    reporting-db-tunnel:
      layer: repo
      resolved:
        localPort: 13309
        launcher: .aistack/run/reporting-db-tunnel.sh
      contentHash: sha256:18293a4b5c6d7e8f90a1b2c3d4e5f60718293a4b5c6d7e8f90a1b2c3d4e5f607

  cliTools:
    ssh:
      layer: repo
      constraint: ">=8.0"
      resolvedVersion: "9.6"
      contentHash: sha256:293a4b5c6d7e8f90a1b2c3d4e5f60718293a4b5c6d7e8f90a1b2c3d4e5f60718
    mysql-client:
      layer: repo
      constraint: ">=8.0"
      resolvedVersion: "8.4.0"
      contentHash: sha256:3a4b5c6d7e8f90a1b2c3d4e5f60718293a4b5c6d7e8f90a1b2c3d4e5f60718293

  skills: {}
  plugins: {}
  rules: {}
